# This file was autogenerated by Stack.
# You should not edit this file by hand.
# For more information, please see the documentation at:
#   https://docs.haskellstack.org/en/stable/lock_files

packages:
- completed:
    hackage: split-0.2.3.5@sha256:f472fa7019647cacac3267742a6f7ac0a5c816f9890e80e4b826cd937436de87,2646
    pantry-tree:
      sha256: 516449cf535bbfc78cf1a5795d28dd1e0f19b65a07c33a78b45566101fecc534
      size: 439
  original:
    hackage: split-0.2.3.5@sha256:f472fa7019647cacac3267742a6f7ac0a5c816f9890e80e4b826cd937436de87,2646
- completed:
    hackage: clock-0.8.3@sha256:a692159828c2cd278eaec317b3a7e9fb6d7b787c8a19f086004d15d9fa1fd72c,4601
    pantry-tree:
      sha256: 3e62393d5c7671b21d8aa84ef9ee0550334053711c80b5beeca295466a6615c7
      size: 499
  original:
    hackage: clock-0.8.3@sha256:a692159828c2cd278eaec317b3a7e9fb6d7b787c8a19f086004d15d9fa1fd72c,4601
snapshots: []
